
Microsoft Visual Studio Solution File, Format Version 12.00
# Visual Studio Version 16
VisualStudioVersion = 16.0.31729.503
MinimumVisualStudioVersion = 10.0.40219.1
Project("{FAE04EC0-301F-11D3-BF4B-00C04F79EFBC}") = "Atividade_OperacoesImagens", "Atividade_OperacoesImagens\Atividade_OperacoesImagens.csproj", "{F07E4EE0-0BD7-4B1B-9FBE-4A18F2BECBCB}"
EndProject
Global
	GlobalSection(SolutionConfigurationPlatforms) = preSolution
		Debug|Any CPU = Debug|Any CPU
		Release|Any CPU = Release|Any CPU
	EndGlobalSection
	GlobalSection(ProjectConfigurationPlatforms) = postSolution
		{F07E4EE0-0BD7-4B1B-9FBE-4A18F2BECBCB}.Debug|Any CPU.ActiveCfg = Debug|Any CPU
		{F07E4EE0-0BD7-4B1B-9FBE-4A18F2BECBCB}.Debug|Any CPU.Build.0 = Debug|Any CPU
		{F07E4EE0-0BD7-4B1B-9FBE-4A18F2BECBCB}.Release|Any CPU.ActiveCfg = Release|Any CPU
		{F07E4EE0-0BD7-4B1B-9FBE-4A18F2BECBCB}.Release|Any CPU.Build.0 = Release|Any CPU
	EndGlobalSection
	GlobalSection(SolutionProperties) = preSolution
		HideSolutionNode = FALSE
	EndGlobalSection
	GlobalSection(ExtensibilityGlobals) = postSolution
		SolutionGuid = {23894883-E674-4F1C-98CC-78474DBEE399}
	EndGlobalSection
EndGlobal
